
Microsoft Visual Studio Solution File, Format Version 12.00
# Visual Studio Version 17
VisualStudioVersion = 17.6.33801.468
MinimumVisualStudioVersion = 10.0.40219.1
Project("{9A19103F-16F7-4668-BE54-9A1E7A4F7556}") = "money-backend-web-api", "money-backend-web-api.csproj", "{C9544DE0-6662-43D2-8606-DEFC6EA2EF1D}"
EndProject
Project("{FAE04EC0-301F-11D3-BF4B-00C04F79EFBC}") = "money-backend-data-access", "..\money-backend-data-access\money-backend-data-access.csproj", "{3932EF79-105B-439C-AC11-6BD82D08B291}"
EndProject
Global
	GlobalSection(SolutionConfigurationPlatforms) = preSolution
		Debug|Any CPU = Debug|Any CPU
		Release|Any CPU = Release|Any CPU
	EndGlobalSection
	GlobalSection(ProjectConfigurationPlatforms) = postSolution
		{C9544DE0-6662-43D2-8606-DEFC6EA2EF1D}.Debug|Any CPU.ActiveCfg = Debug|Any CPU
		{C9544DE0-6662-43D2-8606-DEFC6EA2EF1D}.Debug|Any CPU.Build.0 = Debug|Any CPU
		{C9544DE0-6662-43D2-8606-DEFC6EA2EF1D}.Release|Any CPU.ActiveCfg = Release|Any CPU
		{C9544DE0-6662-43D2-8606-DEFC6EA2EF1D}.Release|Any CPU.Build.0 = Release|Any CPU
		{3932EF79-105B-439C-AC11-6BD82D08B291}.Debug|Any CPU.ActiveCfg = Debug|Any CPU
		{3932EF79-105B-439C-AC11-6BD82D08B291}.Debug|Any CPU.Build.0 = Debug|Any CPU
		{3932EF79-105B-439C-AC11-6BD82D08B291}.Release|Any CPU.ActiveCfg = Release|Any CPU
		{3932EF79-105B-439C-AC11-6BD82D08B291}.Release|Any CPU.Build.0 = Release|Any CPU
	EndGlobalSection
	GlobalSection(SolutionProperties) = preSolution
		HideSolutionNode = FALSE
	EndGlobalSection
	GlobalSection(ExtensibilityGlobals) = postSolution
		SolutionGuid = {B27B2266-DD8A-4BC7-9BDA-F201EE5F4C1B}
	EndGlobalSection
EndGlobal
